
Microsoft Visual Studio Solution File, Format Version 12.00
# Visual Studio Version 16
VisualStudioVersion = 16.0.30803.129
MinimumVisualStudioVersion = 10.0.40219.1
Project("{FAE04EC0-301F-11D3-BF4B-00C04F79EFBC}") = "AadAuthApi", "AadAuthApi\AadAuthApi.csproj", "{47EE47D2-BBE7-423C-A2C6-7D9E27E5DA83}"
EndProject
Global
	GlobalSection(SolutionConfigurationPlatforms) = preSolution
		Debug|Any CPU = Debug|Any CPU
		Release|Any CPU = Release|Any CPU
	EndGlobalSection
	GlobalSection(ProjectConfigurationPlatforms) = postSolution
		{47EE47D2-BBE7-423C-A2C6-7D9E27E5DA83}.Debug|Any CPU.ActiveCfg = Debug|Any CPU
		{47EE47D2-BBE7-423C-A2C6-7D9E27E5DA83}.Debug|Any CPU.Build.0 = Debug|Any CPU
		{47EE47D2-BBE7-423C-A2C6-7D9E27E5DA83}.Release|Any CPU.ActiveCfg = Release|Any CPU
		{47EE47D2-BBE7-423C-A2C6-7D9E27E5DA83}.Release|Any CPU.Build.0 = Release|Any CPU
	EndGlobalSection
	GlobalSection(SolutionProperties) = preSolution
		HideSolutionNode = FALSE
	EndGlobalSection
	GlobalSection(ExtensibilityGlobals) = postSolution
		SolutionGuid = {67DC96BD-17AD-4033-8C9A-38C2D867AAB6}
	EndGlobalSection
EndGlobal
